
Microsoft Visual Studio Solution File, Format Version 12.00
# Visual Studio 15
Project("{FAE04EC0-301F-11D3-BF4B-00C04F79EFBC}") = "UnityEngine.UI", "UnityEngine.UI.csproj", "{1CD55A30-7FDE-5A0E-312B-128981BE7682}"
EndProject
Project("{FAE04EC0-301F-11D3-BF4B-00C04F79EFBC}") = "UnityEngine.TestRunner", "UnityEngine.TestRunner.csproj", "{CC60699C-BD2C-7232-6848-EF48EC0EC7B4}"
EndProject
Project("{FAE04EC0-301F-11D3-BF4B-00C04F79EFBC}") = "Unity.Mathematics", "Unity.Mathematics.csproj", "{C9B31775-12D6-9113-C50F-9C99C87F6F2C}"
EndProject
Project("{FAE04EC0-301F-11D3-BF4B-00C04F79EFBC}") = "Unity.Timeline", "Unity.Timeline.csproj", "{427947F8-D295-1088-97E4-A8979720B682}"
EndProject
Project("{FAE04EC0-301F-11D3-BF4B-00C04F79EFBC}") = "Unity.TextMeshPro", "Unity.TextMeshPro.csproj", "{3D200D8A-67B2-861F-3794-EF4AF17E422D}"
EndProject
Project("{FAE04EC0-301F-11D3-BF4B-00C04F79EFBC}") = "Unity.2D.Animation.Runtime", "Unity.2D.Animation.Runtime.csproj", "{C2F899C3-6392-45EB-0DF0-4661DA0B5512}"
EndProject
Project("{FAE04EC0-301F-11D3-BF4B-00C04F79EFBC}") = "Unity.2D.IK.Runtime", "Unity.2D.IK.Runtime.csproj", "{09800568-8345-757F-58DB-6F30AF944820}"
EndProject
Project("{FAE04EC0-301F-11D3-BF4B-00C04F79EFBC}") = "Unity.2D.SpriteShape.Runtime", "Unity.2D.SpriteShape.Runtime.csproj", "{2E4E946D-94F1-3C03-36D4-B41263261D20}"
EndProject
Project("{FAE04EC0-301F-11D3-BF4B-00C04F79EFBC}") = "Unity.2D.PixelPerfect", "Unity.2D.PixelPerfect.csproj", "{890C3781-B610-DAFD-DD69-B551D1D32D0E}"
EndProject
Project("{FAE04EC0-301F-11D3-BF4B-00C04F79EFBC}") = "Unity.2D.Common.Runtime", "Unity.2D.Common.Runtime.csproj", "{F964E891-E70B-E837-4E96-61ADF794F54E}"
EndProject
Project("{FAE04EC0-301F-11D3-BF4B-00C04F79EFBC}") = "Unity.InternalAPIEngineBridge.001", "Unity.InternalAPIEngineBridge.001.csproj", "{180BC26C-CECA-0312-BA83-7718C298EDB6}"
EndProject
Project("{FAE04EC0-301F-11D3-BF4B-00C04F79EFBC}") = "UnityEditor.TestRunner", "UnityEditor.TestRunner.csproj", "{C1F658C6-2612-B669-1259-F62D9A0223E0}"
EndProject
Project("{FAE04EC0-301F-11D3-BF4B-00C04F79EFBC}") = "Unity.PlasticSCM.Editor", "Unity.PlasticSCM.Editor.csproj", "{E927DD46-F258-FD93-7BA6-F2BD28110458}"
EndProject
Project("{FAE04EC0-301F-11D3-BF4B-00C04F79EFBC}") = "Unity.2D.Animation.Triangle.Editor", "Unity.2D.Animation.Triangle.Editor.csproj", "{DFE6830A-E8DD-AA60-91FC-7C1F97D24DC7}"
EndProject
Project("{FAE04EC0-301F-11D3-BF4B-00C04F79EFBC}") = "UnityEditor.UI", "UnityEditor.UI.csproj", "{427FB3AC-ADD0-837B-0C6E-979AFB77A354}"
EndProject
Project("{FAE04EC0-301F-11D3-BF4B-00C04F79EFBC}") = "Unity.Services.Core.Editor", "Unity.Services.Core.Editor.csproj", "{2AB34E9E-FA78-9102-FA3B-C26DD843F9F7}"
EndProject
Project("{FAE04EC0-301F-11D3-BF4B-00C04F79EFBC}") = "Unity.Timeline.Editor", "Unity.Timeline.Editor.csproj", "{B2AE495B-05BA-06D3-509F-718BE2777CCF}"
EndProject
Project("{FAE04EC0-301F-11D3-BF4B-00C04F79EFBC}") = "Unity.VisualStudio.Editor", "Unity.VisualStudio.Editor.csproj", "{27683B06-68E0-E9F0-21C1-436EE92DCC14}"
EndProject
Project("{FAE04EC0-301F-11D3-BF4B-00C04F79EFBC}") = "Unity.2D.Psdimporter.Editor", "Unity.2D.Psdimporter.Editor.csproj", "{95D09015-8EEA-594E-412F-FE319CB50FF2}"
EndProject
Project("{FAE04EC0-301F-11D3-BF4B-00C04F79EFBC}") = "Unity.2D.Animation.Editor", "Unity.2D.Animation.Editor.csproj", "{8A2944C3-BB07-6131-0AE8-C42C485B8473}"
EndProject
Project("{FAE04EC0-301F-11D3-BF4B-00C04F79EFBC}") = "Unity.TextMeshPro.Editor", "Unity.TextMeshPro.Editor.csproj", "{91F3AA1D-7DCD-033D-8EE0-4020E681BA3B}"
EndProject
Project("{FAE04EC0-301F-11D3-BF4B-00C04F79EFBC}") = "Unity.2D.SpriteShape.Editor", "Unity.2D.SpriteShape.Editor.csproj", "{C9CCD10B-3B7E-71D2-11AA-6BDAD4AF307C}"
EndProject
Project("{FAE04EC0-301F-11D3-BF4B-00C04F79EFBC}") = "Unity.CollabProxy.Editor", "Unity.CollabProxy.Editor.csproj", "{0D32253A-CE0D-5FFA-FD45-99ABC2E6DAC0}"
EndProject
Project("{FAE04EC0-301F-11D3-BF4B-00C04F79EFBC}") = "PsdPlugin", "PsdPlugin.csproj", "{2E64C473-48FD-AA71-5750-99BDD63F3F1E}"
EndProject
Project("{FAE04EC0-301F-11D3-BF4B-00C04F79EFBC}") = "Unity.2D.Path.Editor", "Unity.2D.Path.Editor.csproj", "{0C81F557-97F3-06FF-9D50-54271B6BD927}"
EndProject
Project("{FAE04EC0-301F-11D3-BF4B-00C04F79EFBC}") = "Unity.Rider.Editor", "Unity.Rider.Editor.csproj", "{30DB6921-492A-0EC3-EE92-F17E1401D9CA}"
EndProject
Project("{FAE04EC0-301F-11D3-BF4B-00C04F79EFBC}") = "Unity.2D.IK.Editor", "Unity.2D.IK.Editor.csproj", "{68F1B1C9-CBA9-163E-1B9E-DF64B2FD7F2E}"
EndProject
Project("{FAE04EC0-301F-11D3-BF4B-00C04F79EFBC}") = "Unity.2D.Sprite.Editor", "Unity.2D.Sprite.Editor.csproj", "{CC563FA4-2E00-07BA-63EC-9BC13C30AF82}"
EndProject
Project("{FAE04EC0-301F-11D3-BF4B-00C04F79EFBC}") = "Unity.2D.Tilemap.Editor", "Unity.2D.Tilemap.Editor.csproj", "{CE799246-B82C-4360-17BD-E849AC6A0F41}"
EndProject
Project("{FAE04EC0-301F-11D3-BF4B-00C04F79EFBC}") = "Unity.2D.PixelPerfect.Editor", "Unity.2D.PixelPerfect.Editor.csproj", "{E21892B7-4564-AD24-FC51-F460283A8D51}"
EndProject
Project("{FAE04EC0-301F-11D3-BF4B-00C04F79EFBC}") = "Unity.VSCode.Editor", "Unity.VSCode.Editor.csproj", "{6C628FD9-8CE8-A237-9486-A914C995EAB4}"
EndProject
Project("{FAE04EC0-301F-11D3-BF4B-00C04F79EFBC}") = "Unity.2D.Common.Editor", "Unity.2D.Common.Editor.csproj", "{A6F6516A-AB3A-F7F2-835B-ABCB991D60A8}"
EndProject
Project("{FAE04EC0-301F-11D3-BF4B-00C04F79EFBC}") = "Unity.Mathematics.Editor", "Unity.Mathematics.Editor.csproj", "{40D6CE4D-F2F7-A997-A685-12EC35EFF252}"
EndProject
Project("{FAE04EC0-301F-11D3-BF4B-00C04F79EFBC}") = "Unity.InternalAPIEditorBridge.001", "Unity.InternalAPIEditorBridge.001.csproj", "{31170278-C50B-CEFC-28A1-E8AFEDBD1B75}"
EndProject
Project("{FAE04EC0-301F-11D3-BF4B-00C04F79EFBC}") = "UnityEngine.UI", "UnityEngine.UI.Player.csproj", "{DFCFAA7D-4599-C86C-FB79-31EABA183A52}"
EndProject
Project("{FAE04EC0-301F-11D3-BF4B-00C04F79EFBC}") = "UnityEngine.TestRunner", "UnityEngine.TestRunner.Player.csproj", "{32179C03-4907-2D51-74CD-F88020725E34}"
EndProject
Project("{FAE04EC0-301F-11D3-BF4B-00C04F79EFBC}") = "Unity.Mathematics", "Unity.Mathematics.Player.csproj", "{C9DE9E68-889B-B0C9-23CE-B91E701690A0}"
EndProject
Project("{FAE04EC0-301F-11D3-BF4B-00C04F79EFBC}") = "Unity.Timeline", "Unity.Timeline.Player.csproj", "{ACD811E8-D2A3-DB3F-4629-FF9934BCFAFE}"
EndProject
Project("{FAE04EC0-301F-11D3-BF4B-00C04F79EFBC}") = "Unity.TextMeshPro", "Unity.TextMeshPro.Player.csproj", "{56525638-A442-6A8A-14FB-B08C7DAA7849}"
EndProject
Project("{FAE04EC0-301F-11D3-BF4B-00C04F79EFBC}") = "Unity.2D.Animation.Runtime", "Unity.2D.Animation.Runtime.Player.csproj", "{108791EA-3061-B2BF-A93A-E669ECDCB406}"
EndProject
Project("{FAE04EC0-301F-11D3-BF4B-00C04F79EFBC}") = "Unity.2D.IK.Runtime", "Unity.2D.IK.Runtime.Player.csproj", "{548733D3-7100-6658-C641-3DAC4A38B1B0}"
EndProject
Project("{FAE04EC0-301F-11D3-BF4B-00C04F79EFBC}") = "Unity.2D.SpriteShape.Runtime", "Unity.2D.SpriteShape.Runtime.Player.csproj", "{D622F52A-F7A3-95EC-A6B7-4519FA0CE04C}"
EndProject
Project("{FAE04EC0-301F-11D3-BF4B-00C04F79EFBC}") = "Unity.2D.PixelPerfect", "Unity.2D.PixelPerfect.Player.csproj", "{093A9B06-F3DC-1995-6DDB-D4FDE3FD9CA0}"
EndProject
Project("{FAE04EC0-301F-11D3-BF4B-00C04F79EFBC}") = "Unity.2D.Common.Runtime", "Unity.2D.Common.Runtime.Player.csproj", "{8022C2EE-E57C-C6AC-CCD9-09009C186F1B}"
EndProject
Project("{FAE04EC0-301F-11D3-BF4B-00C04F79EFBC}") = "Unity.InternalAPIEngineBridge.001", "Unity.InternalAPIEngineBridge.001.Player.csproj", "{4D96C118-23E0-4E5D-E53A-7B40C90DA507}"
EndProject
Global
	GlobalSection(SolutionConfigurationPlatforms) = preSolution
		Debug|Any CPU = Debug|Any CPU
		Release|Any CPU = Release|Any CPU
	EndGlobalSection
	GlobalSection(ProjectConfigurationPlatforms) = postSolution
		{1CD55A30-7FDE-5A0E-312B-128981BE7682}.Debug|Any CPU.ActiveCfg = Debug|Any CPU
		{1CD55A30-7FDE-5A0E-312B-128981BE7682}.Debug|Any CPU.Build.0 = Debug|Any CPU
		{1CD55A30-7FDE-5A0E-312B-128981BE7682}.Release|Any CPU.ActiveCfg = Release|Any CPU
		{1CD55A30-7FDE-5A0E-312B-128981BE7682}.Release|Any CPU.Build.0 = Release|Any CPU
		{CC60699C-BD2C-7232-6848-EF48EC0EC7B4}.Debug|Any CPU.ActiveCfg = Debug|Any CPU
		{CC60699C-BD2C-7232-6848-EF48EC0EC7B4}.Debug|Any CPU.Build.0 = Debug|Any CPU
		{CC60699C-BD2C-7232-6848-EF48EC0EC7B4}.Release|Any CPU.ActiveCfg = Release|Any CPU
		{CC60699C-BD2C-7232-6848-EF48EC0EC7B4}.Release|Any CPU.Build.0 = Release|Any CPU
		{C9B31775-12D6-9113-C50F-9C99C87F6F2C}.Debug|Any CPU.ActiveCfg = Debug|Any CPU
		{C9B31775-12D6-9113-C50F-9C99C87F6F2C}.Debug|Any CPU.Build.0 = Debug|Any CPU
		{C9B31775-12D6-9113-C50F-9C99C87F6F2C}.Release|Any CPU.ActiveCfg = Release|Any CPU
		{C9B31775-12D6-9113-C50F-9C99C87F6F2C}.Release|Any CPU.Build.0 = Release|Any CPU
		{427947F8-D295-1088-97E4-A8979720B682}.Debug|Any CPU.ActiveCfg = Debug|Any CPU
		{427947F8-D295-1088-97E4-A8979720B682}.Debug|Any CPU.Build.0 = Debug|Any CPU
		{427947F8-D295-1088-97E4-A8979720B682}.Release|Any CPU.ActiveCfg = Release|Any CPU
		{427947F8-D295-1088-97E4-A8979720B682}.Release|Any CPU.Build.0 = Release|Any CPU
		{3D200D8A-67B2-861F-3794-EF4AF17E422D}.Debug|Any CPU.ActiveCfg = Debug|Any CPU
		{3D200D8A-67B2-861F-3794-EF4AF17E422D}.Debug|Any CPU.Build.0 = Debug|Any CPU
		{3D200D8A-67B2-861F-3794-EF4AF17E422D}.Release|Any CPU.ActiveCfg = Release|Any CPU
		{3D200D8A-67B2-861F-3794-EF4AF17E422D}.Release|Any CPU.Build.0 = Release|Any CPU
		{C2F899C3-6392-45EB-0DF0-4661DA0B5512}.Debug|Any CPU.ActiveCfg = Debug|Any CPU
		{C2F899C3-6392-45EB-0DF0-4661DA0B5512}.Debug|Any CPU.Build.0 = Debug|Any CPU
		{C2F899C3-6392-45EB-0DF0-4661DA0B5512}.Release|Any CPU.ActiveCfg = Release|Any CPU
		{C2F899C3-6392-45EB-0DF0-4661DA0B5512}.Release|Any CPU.Build.0 = Release|Any CPU
		{09800568-8345-757F-58DB-6F30AF944820}.Debug|Any CPU.ActiveCfg = Debug|Any CPU
		{09800568-8345-757F-58DB-6F30AF944820}.Debug|Any CPU.Build.0 = Debug|Any CPU
		{09800568-8345-757F-58DB-6F30AF944820}.Release|Any CPU.ActiveCfg = Release|Any CPU
		{09800568-8345-757F-58DB-6F30AF944820}.Release|Any CPU.Build.0 = Release|Any CPU
		{2E4E946D-94F1-3C03-36D4-B41263261D20}.Debug|Any CPU.ActiveCfg = Debug|Any CPU
		{2E4E946D-94F1-3C03-36D4-B41263261D20}.Debug|Any CPU.Build.0 = Debug|Any CPU
		{2E4E946D-94F1-3C03-36D4-B41263261D20}.Release|Any CPU.ActiveCfg = Release|Any CPU
		{2E4E946D-94F1-3C03-36D4-B41263261D20}.Release|Any CPU.Build.0 = Release|Any CPU
		{890C3781-B610-DAFD-DD69-B551D1D32D0E}.Debug|Any CPU.ActiveCfg = Debug|Any CPU
		{890C3781-B610-DAFD-DD69-B551D1D32D0E}.Debug|Any CPU.Build.0 = Debug|Any CPU
		{890C3781-B610-DAFD-DD69-B551D1D32D0E}.Release|Any CPU.ActiveCfg = Release|Any CPU
		{890C3781-B610-DAFD-DD69-B551D1D32D0E}.Release|Any CPU.Build.0 = Release|Any CPU
		{F964E891-E70B-E837-4E96-61ADF794F54E}.Debug|Any CPU.ActiveCfg = Debug|Any CPU
		{F964E891-E70B-E837-4E96-61ADF794F54E}.Debug|Any CPU.Build.0 = Debug|Any CPU
		{F964E891-E70B-E837-4E96-61ADF794F54E}.Release|Any CPU.ActiveCfg = Release|Any CPU
		{F964E891-E70B-E837-4E96-61ADF794F54E}.Release|Any CPU.Build.0 = Release|Any CPU
		{180BC26C-CECA-0312-BA83-7718C298EDB6}.Debug|Any CPU.ActiveCfg = Debug|Any CPU
		{180BC26C-CECA-0312-BA83-7718C298EDB6}.Debug|Any CPU.Build.0 = Debug|Any CPU
		{180BC26C-CECA-0312-BA83-7718C298EDB6}.Release|Any CPU.ActiveCfg = Release|Any CPU
		{180BC26C-CECA-0312-BA83-7718C298EDB6}.Release|Any CPU.Build.0 = Release|Any CPU
		{C1F658C6-2612-B669-1259-F62D9A0223E0}.Debug|Any CPU.ActiveCfg = Debug|Any CPU
		{C1F658C6-2612-B669-1259-F62D9A0223E0}.Debug|Any CPU.Build.0 = Debug|Any CPU
		{C1F658C6-2612-B669-1259-F62D9A0223E0}.Release|Any CPU.ActiveCfg = Release|Any CPU
		{C1F658C6-2612-B669-1259-F62D9A0223E0}.Release|Any CPU.Build.0 = Release|Any CPU
		{E927DD46-F258-FD93-7BA6-F2BD28110458}.Debug|Any CPU.ActiveCfg = Debug|Any CPU
		{E927DD46-F258-FD93-7BA6-F2BD28110458}.Debug|Any CPU.Build.0 = Debug|Any CPU
		{E927DD46-F258-FD93-7BA6-F2BD28110458}.Release|Any CPU.ActiveCfg = Release|Any CPU
		{E927DD46-F258-FD93-7BA6-F2BD28110458}.Release|Any CPU.Build.0 = Release|Any CPU
		{DFE6830A-E8DD-AA60-91FC-7C1F97D24DC7}.Debug|Any CPU.ActiveCfg = Debug|Any CPU
		{DFE6830A-E8DD-AA60-91FC-7C1F97D24DC7}.Debug|Any CPU.Build.0 = Debug|Any CPU
		{DFE6830A-E8DD-AA60-91FC-7C1F97D24DC7}.Release|Any CPU.ActiveCfg = Release|Any CPU
		{DFE6830A-E8DD-AA60-91FC-7C1F97D24DC7}.Release|Any CPU.Build.0 = Release|Any CPU
		{427FB3AC-ADD0-837B-0C6E-979AFB77A354}.Debug|Any CPU.ActiveCfg = Debug|Any CPU
		{427FB3AC-ADD0-837B-0C6E-979AFB77A354}.Debug|Any CPU.Build.0 = Debug|Any CPU
		{427FB3AC-ADD0-837B-0C6E-979AFB77A354}.Release|Any CPU.ActiveCfg = Release|Any CPU
		{427FB3AC-ADD0-837B-0C6E-979AFB77A354}.Release|Any CPU.Build.0 = Release|Any CPU
		{2AB34E9E-FA78-9102-FA3B-C26DD843F9F7}.Debug|Any CPU.ActiveCfg = Debug|Any CPU
		{2AB34E9E-FA78-9102-FA3B-C26DD843F9F7}.Debug|Any CPU.Build.0 = Debug|Any CPU
		{2AB34E9E-FA78-9102-FA3B-C26DD843F9F7}.Release|Any CPU.ActiveCfg = Release|Any CPU
		{2AB34E9E-FA78-9102-FA3B-C26DD843F9F7}.Release|Any CPU.Build.0 = Release|Any CPU
		{B2AE495B-05BA-06D3-509F-718BE2777CCF}.Debug|Any CPU.ActiveCfg = Debug|Any CPU
		{B2AE495B-05BA-06D3-509F-718BE2777CCF}.Debug|Any CPU.Build.0 = Debug|Any CPU
		{B2AE495B-05BA-06D3-509F-718BE2777CCF}.Release|Any CPU.ActiveCfg = Release|Any CPU
		{B2AE495B-05BA-06D3-509F-718BE2777CCF}.Release|Any CPU.Build.0 = Release|Any CPU
		{27683B06-68E0-E9F0-21C1-436EE92DCC14}.Debug|Any CPU.ActiveCfg = Debug|Any CPU
		{27683B06-68E0-E9F0-21C1-436EE92DCC14}.Debug|Any CPU.Build.0 = Debug|Any CPU
		{27683B06-68E0-E9F0-21C1-436EE92DCC14}.Release|Any CPU.ActiveCfg = Release|Any CPU
		{27683B06-68E0-E9F0-21C1-436EE92DCC14}.Release|Any CPU.Build.0 = Release|Any CPU
		{95D09015-8EEA-594E-412F-FE319CB50FF2}.Debug|Any CPU.ActiveCfg = Debug|Any CPU
		{95D09015-8EEA-594E-412F-FE319CB50FF2}.Debug|Any CPU.Build.0 = Debug|Any CPU
		{95D09015-8EEA-594E-412F-FE319CB50FF2}.Release|Any CPU.ActiveCfg = Release|Any CPU
		{95D09015-8EEA-594E-412F-FE319CB50FF2}.Release|Any CPU.Build.0 = Release|Any CPU
		{8A2944C3-BB07-6131-0AE8-C42C485B8473}.Debug|Any CPU.ActiveCfg = Debug|Any CPU
		{8A2944C3-BB07-6131-0AE8-C42C485B8473}.Debug|Any CPU.Build.0 = Debug|Any CPU
		{8A2944C3-BB07-6131-0AE8-C42C485B8473}.Release|Any CPU.ActiveCfg = Release|Any CPU
		{8A2944C3-BB07-6131-0AE8-C42C485B8473}.Release|Any CPU.Build.0 = Release|Any CPU
		{91F3AA1D-7DCD-033D-8EE0-4020E681BA3B}.Debug|Any CPU.ActiveCfg = Debug|Any CPU
		{91F3AA1D-7DCD-033D-8EE0-4020E681BA3B}.Debug|Any CPU.Build.0 = Debug|Any CPU
		{91F3AA1D-7DCD-033D-8EE0-4020E681BA3B}.Release|Any CPU.ActiveCfg = Release|Any CPU
		{91F3AA1D-7DCD-033D-8EE0-4020E681BA3B}.Release|Any CPU.Build.0 = Release|Any CPU
		{C9CCD10B-3B7E-71D2-11AA-6BDAD4AF307C}.Debug|Any CPU.ActiveCfg = Debug|Any CPU
		{C9CCD10B-3B7E-71D2-11AA-6BDAD4AF307C}.Debug|Any CPU.Build.0 = Debug|Any CPU
		{C9CCD10B-3B7E-71D2-11AA-6BDAD4AF307C}.Release|Any CPU.ActiveCfg = Release|Any CPU
		{C9CCD10B-3B7E-71D2-11AA-6BDAD4AF307C}.Release|Any CPU.Build.0 = Release|Any CPU
		{0D32253A-CE0D-5FFA-FD45-99ABC2E6DAC0}.Debug|Any CPU.ActiveCfg = Debug|Any CPU
		{0D32253A-CE0D-5FFA-FD45-99ABC2E6DAC0}.Debug|Any CPU.Build.0 = Debug|Any CPU
		{0D32253A-CE0D-5FFA-FD45-99ABC2E6DAC0}.Release|Any CPU.ActiveCfg = Release|Any CPU
		{0D32253A-CE0D-5FFA-FD45-99ABC2E6DAC0}.Release|Any CPU.Build.0 = Release|Any CPU
		{2E64C473-48FD-AA71-5750-99BDD63F3F1E}.Debug|Any CPU.ActiveCfg = Debug|Any CPU
		{2E64C473-48FD-AA71-5750-99BDD63F3F1E}.Debug|Any CPU.Build.0 = Debug|Any CPU
		{2E64C473-48FD-AA71-5750-99BDD63F3F1E}.Release|Any CPU.ActiveCfg = Release|Any CPU
		{2E64C473-48FD-AA71-5750-99BDD63F3F1E}.Release|Any CPU.Build.0 = Release|Any CPU
		{0C81F557-97F3-06FF-9D50-54271B6BD927}.Debug|Any CPU.ActiveCfg = Debug|Any CPU
		{0C81F557-97F3-06FF-9D50-54271B6BD927}.Debug|Any CPU.Build.0 = Debug|Any CPU
		{0C81F557-97F3-06FF-9D50-54271B6BD927}.Release|Any CPU.ActiveCfg = Release|Any CPU
		{0C81F557-97F3-06FF-9D50-54271B6BD927}.Release|Any CPU.Build.0 = Release|Any CPU
		{30DB6921-492A-0EC3-EE92-F17E1401D9CA}.Debug|Any CPU.ActiveCfg = Debug|Any CPU
		{30DB6921-492A-0EC3-EE92-F17E1401D9CA}.Debug|Any CPU.Build.0 = Debug|Any CPU
		{30DB6921-492A-0EC3-EE92-F17E1401D9CA}.Release|Any CPU.ActiveCfg = Release|Any CPU
		{30DB6921-492A-0EC3-EE92-F17E1401D9CA}.Release|Any CPU.Build.0 = Release|Any CPU
		{68F1B1C9-CBA9-163E-1B9E-DF64B2FD7F2E}.Debug|Any CPU.ActiveCfg = Debug|Any CPU
		{68F1B1C9-CBA9-163E-1B9E-DF64B2FD7F2E}.Debug|Any CPU.Build.0 = Debug|Any CPU
		{68F1B1C9-CBA9-163E-1B9E-DF64B2FD7F2E}.Release|Any CPU.ActiveCfg = Release|Any CPU
		{68F1B1C9-CBA9-163E-1B9E-DF64B2FD7F2E}.Release|Any CPU.Build.0 = Release|Any CPU
		{CC563FA4-2E00-07BA-63EC-9BC13C30AF82}.Debug|Any CPU.ActiveCfg = Debug|Any CPU
		{CC563FA4-2E00-07BA-63EC-9BC13C30AF82}.Debug|Any CPU.Build.0 = Debug|Any CPU
		{CC563FA4-2E00-07BA-63EC-9BC13C30AF82}.Release|Any CPU.ActiveCfg = Release|Any CPU
		{CC563FA4-2E00-07BA-63EC-9BC13C30AF82}.Release|Any CPU.Build.0 = Release|Any CPU
		{CE799246-B82C-4360-17BD-E849AC6A0F41}.Debug|Any CPU.ActiveCfg = Debug|Any CPU
		{CE799246-B82C-4360-17BD-E849AC6A0F41}.Debug|Any CPU.Build.0 = Debug|Any CPU
		{CE799246-B82C-4360-17BD-E849AC6A0F41}.Release|Any CPU.ActiveCfg = Release|Any CPU
		{CE799246-B82C-4360-17BD-E849AC6A0F41}.Release|Any CPU.Build.0 = Release|Any CPU
		{E21892B7-4564-AD24-FC51-F460283A8D51}.Debug|Any CPU.ActiveCfg = Debug|Any CPU
		{E21892B7-4564-AD24-FC51-F460283A8D51}.Debug|Any CPU.Build.0 = Debug|Any CPU
		{E21892B7-4564-AD24-FC51-F460283A8D51}.Release|Any CPU.ActiveCfg = Release|Any CPU
		{E21892B7-4564-AD24-FC51-F460283A8D51}.Release|Any CPU.Build.0 = Release|Any CPU
		{6C628FD9-8CE8-A237-9486-A914C995EAB4}.Debug|Any CPU.ActiveCfg = Debug|Any CPU
		{6C628FD9-8CE8-A237-9486-A914C995EAB4}.Debug|Any CPU.Build.0 = Debug|Any CPU
		{6C628FD9-8CE8-A237-9486-A914C995EAB4}.Release|Any CPU.ActiveCfg = Release|Any CPU
		{6C628FD9-8CE8-A237-9486-A914C995EAB4}.Release|Any CPU.Build.0 = Release|Any CPU
		{A6F6516A-AB3A-F7F2-835B-ABCB991D60A8}.Debug|Any CPU.ActiveCfg = Debug|Any CPU
		{A6F6516A-AB3A-F7F2-835B-ABCB991D60A8}.Debug|Any CPU.Build.0 = Debug|Any CPU
		{A6F6516A-AB3A-F7F2-835B-ABCB991D60A8}.Release|Any CPU.ActiveCfg = Release|Any CPU
		{A6F6516A-AB3A-F7F2-835B-ABCB991D60A8}.Release|Any CPU.Build.0 = Release|Any CPU
		{40D6CE4D-F2F7-A997-A685-12EC35EFF252}.Debug|Any CPU.ActiveCfg = Debug|Any CPU
		{40D6CE4D-F2F7-A997-A685-12EC35EFF252}.Debug|Any CPU.Build.0 = Debug|Any CPU
		{40D6CE4D-F2F7-A997-A685-12EC35EFF252}.Release|Any CPU.ActiveCfg = Release|Any CPU
		{40D6CE4D-F2F7-A997-A685-12EC35EFF252}.Release|Any CPU.Build.0 = Release|Any CPU
		{31170278-C50B-CEFC-28A1-E8AFEDBD1B75}.Debug|Any CPU.ActiveCfg = Debug|Any CPU
		{31170278-C50B-CEFC-28A1-E8AFEDBD1B75}.Debug|Any CPU.Build.0 = Debug|Any CPU
		{31170278-C50B-CEFC-28A1-E8AFEDBD1B75}.Release|Any CPU.ActiveCfg = Release|Any CPU
		{31170278-C50B-CEFC-28A1-E8AFEDBD1B75}.Release|Any CPU.Build.0 = Release|Any CPU
		{DFCFAA7D-4599-C86C-FB79-31EABA183A52}.Debug|Any CPU.ActiveCfg = Debug|Any CPU
		{DFCFAA7D-4599-C86C-FB79-31EABA183A52}.Debug|Any CPU.Build.0 = Debug|Any CPU
		{DFCFAA7D-4599-C86C-FB79-31EABA183A52}.Release|Any CPU.ActiveCfg = Release|Any CPU
		{DFCFAA7D-4599-C86C-FB79-31EABA183A52}.Release|Any CPU.Build.0 = Release|Any CPU
		{32179C03-4907-2D51-74CD-F88020725E34}.Debug|Any CPU.ActiveCfg = Debug|Any CPU
		{32179C03-4907-2D51-74CD-F88020725E34}.Debug|Any CPU.Build.0 = Debug|Any CPU
		{32179C03-4907-2D51-74CD-F88020725E34}.Release|Any CPU.ActiveCfg = Release|Any CPU
		{32179C03-4907-2D51-74CD-F88020725E34}.Release|Any CPU.Build.0 = Release|Any CPU
		{C9DE9E68-889B-B0C9-23CE-B91E701690A0}.Debug|Any CPU.ActiveCfg = Debug|Any CPU
		{C9DE9E68-889B-B0C9-23CE-B91E701690A0}.Debug|Any CPU.Build.0 = Debug|Any CPU
		{C9DE9E68-889B-B0C9-23CE-B91E701690A0}.Release|Any CPU.ActiveCfg = Release|Any CPU
		{C9DE9E68-889B-B0C9-23CE-B91E701690A0}.Release|Any CPU.Build.0 = Release|Any CPU
		{ACD811E8-D2A3-DB3F-4629-FF9934BCFAFE}.Debug|Any CPU.ActiveCfg = Debug|Any CPU
		{ACD811E8-D2A3-DB3F-4629-FF9934BCFAFE}.Debug|Any CPU.Build.0 = Debug|Any CPU
		{ACD811E8-D2A3-DB3F-4629-FF9934BCFAFE}.Release|Any CPU.ActiveCfg = Release|Any CPU
		{ACD811E8-D2A3-DB3F-4629-FF9934BCFAFE}.Release|Any CPU.Build.0 = Release|Any CPU
		{56525638-A442-6A8A-14FB-B08C7DAA7849}.Debug|Any CPU.ActiveCfg = Debug|Any CPU
		{56525638-A442-6A8A-14FB-B08C7DAA7849}.Debug|Any CPU.Build.0 = Debug|Any CPU
		{56525638-A442-6A8A-14FB-B08C7DAA7849}.Release|Any CPU.ActiveCfg = Release|Any CPU
		{56525638-A442-6A8A-14FB-B08C7DAA7849}.Release|Any CPU.Build.0 = Release|Any CPU
		{108791EA-3061-B2BF-A93A-E669ECDCB406}.Debug|Any CPU.ActiveCfg = Debug|Any CPU
		{108791EA-3061-B2BF-A93A-E669ECDCB406}.Debug|Any CPU.Build.0 = Debug|Any CPU
		{108791EA-3061-B2BF-A93A-E669ECDCB406}.Release|Any CPU.ActiveCfg = Release|Any CPU
		{108791EA-3061-B2BF-A93A-E669ECDCB406}.Release|Any CPU.Build.0 = Release|Any CPU
		{548733D3-7100-6658-C641-3DAC4A38B1B0}.Debug|Any CPU.ActiveCfg = Debug|Any CPU
		{548733D3-7100-6658-C641-3DAC4A38B1B0}.Debug|Any CPU.Build.0 = Debug|Any CPU
		{548733D3-7100-6658-C641-3DAC4A38B1B0}.Release|Any CPU.ActiveCfg = Release|Any CPU
		{548733D3-7100-6658-C641-3DAC4A38B1B0}.Release|Any CPU.Build.0 = Release|Any CPU
		{D622F52A-F7A3-95EC-A6B7-4519FA0CE04C}.Debug|Any CPU.ActiveCfg = Debug|Any CPU
		{D622F52A-F7A3-95EC-A6B7-4519FA0CE04C}.Debug|Any CPU.Build.0 = Debug|Any CPU
		{D622F52A-F7A3-95EC-A6B7-4519FA0CE04C}.Release|Any CPU.ActiveCfg = Release|Any CPU
		{D622F52A-F7A3-95EC-A6B7-4519FA0CE04C}.Release|Any CPU.Build.0 = Release|Any CPU
		{093A9B06-F3DC-1995-6DDB-D4FDE3FD9CA0}.Debug|Any CPU.ActiveCfg = Debug|Any CPU
		{093A9B06-F3DC-1995-6DDB-D4FDE3FD9CA0}.Debug|Any CPU.Build.0 = Debug|Any CPU
		{093A9B06-F3DC-1995-6DDB-D4FDE3FD9CA0}.Release|Any CPU.ActiveCfg = Release|Any CPU
		{093A9B06-F3DC-1995-6DDB-D4FDE3FD9CA0}.Release|Any CPU.Build.0 = Release|Any CPU
		{8022C2EE-E57C-C6AC-CCD9-09009C186F1B}.Debug|Any CPU.ActiveCfg = Debug|Any CPU
		{8022C2EE-E57C-C6AC-CCD9-09009C186F1B}.Debug|Any CPU.Build.0 = Debug|Any CPU
		{8022C2EE-E57C-C6AC-CCD9-09009C186F1B}.Release|Any CPU.ActiveCfg = Release|Any CPU
		{8022C2EE-E57C-C6AC-CCD9-09009C186F1B}.Release|Any CPU.Build.0 = Release|Any CPU
		{4D96C118-23E0-4E5D-E53A-7B40C90DA507}.Debug|Any CPU.ActiveCfg = Debug|Any CPU
		{4D96C118-23E0-4E5D-E53A-7B40C90DA507}.Debug|Any CPU.Build.0 = Debug|Any CPU
		{4D96C118-23E0-4E5D-E53A-7B40C90DA507}.Release|Any CPU.ActiveCfg = Release|Any CPU
		{4D96C118-23E0-4E5D-E53A-7B40C90DA507}.Release|Any CPU.Build.0 = Release|Any CPU
	EndGlobalSection
	GlobalSection(SolutionProperties) = preSolution
		HideSolutionNode = FALSE
	EndGlobalSection
EndGlobal
